
Microsoft Visual Studio Solution File, Format Version 12.00
# Visual Studio Version 16
VisualStudioVersion = 16.0.31112.23
MinimumVisualStudioVersion = 10.0.40219.1
Project("{9092AA53-FB77-4645-B42D-1CCCA6BD08BD}") = "BinanceBot", "BinanceBot.njsproj", "{7FBC702B-A4CC-477F-9583-FE3F4E7B6443}"
EndProject
Global
	GlobalSection(SolutionConfigurationPlatforms) = preSolution
		Debug|Any CPU = Debug|Any CPU
		Release|Any CPU = Release|Any CPU
	EndGlobalSection
	GlobalSection(ProjectConfigurationPlatforms) = postSolution
		{7FBC702B-A4CC-477F-9583-FE3F4E7B6443}.Debug|Any CPU.ActiveCfg = Debug|Any CPU
		{7FBC702B-A4CC-477F-9583-FE3F4E7B6443}.Debug|Any CPU.Build.0 = Debug|Any CPU
		{7FBC702B-A4CC-477F-9583-FE3F4E7B6443}.Release|Any CPU.ActiveCfg = Release|Any CPU
		{7FBC702B-A4CC-477F-9583-FE3F4E7B6443}.Release|Any CPU.Build.0 = Release|Any CPU
	EndGlobalSection
	GlobalSection(SolutionProperties) = preSolution
		HideSolutionNode = FALSE
	EndGlobalSection
	GlobalSection(ExtensibilityGlobals) = postSolution
		SolutionGuid = {24D6C6B1-91C7-4D71-852B-48A9E02EB11A}
	EndGlobalSection
EndGlobal
